// !$*UTF8*$!
{
	archiveVersion = 1;
	classes = {
	};
	objectVersion = 56;
	objects = {

/* Begin PBXBuildFile section */
		ACCBE2A32AB79E1A00796613 /* FoodCell.swift in Sources */ = {isa = PBXBuildFile; fileRef = ACCBE2A22AB79E1A00796613 /* FoodCell.swift */; };
		ACD3F3DD2AB36A6800D38657 /* ModalScreen.swift in Sources */ = {isa = PBXBuildFile; fileRef = ACD3F3DC2AB36A6800D38657 /* ModalScreen.swift */; };
		ACD86E2C2AAA569D00FA5565 /* FoodScreen.swift in Sources */ = {isa = PBXBuildFile; fileRef = ACD86E2B2AAA569D00FA5565 /* FoodScreen.swift */; };
		ACDEA9AE2AA978C700AB87B2 /* MyAppSUI2308App.swift in Sources */ = {isa = PBXBuildFile; fileRef = ACDEA9AD2AA978C700AB87B2 /* MyAppSUI2308App.swift */; };
		ACDEA9B02AA978C700AB87B2 /* ContentView.swift in Sources */ = {isa = PBXBuildFile; fileRef = ACDEA9AF2AA978C700AB87B2 /* ContentView.swift */; };
		ACDEA9B22AA978C800AB87B2 /* Assets.xcassets in Resources */ = {isa = PBXBuildFile; fileRef = ACDEA9B12AA978C800AB87B2 /* Assets.xcassets */; };
		ACDEA9B52AA978C800AB87B2 /* Preview Assets.xcassets in Resources */ = {isa = PBXBuildFile; fileRef = ACDEA9B42AA978C800AB87B2 /* Preview Assets.xcassets */; };
		ACDEA9BC2AA97E7C00AB87B2 /* DashboardScreen.swift in Sources */ = {isa = PBXBuildFile; fileRef = ACDEA9BB2AA97E7C00AB87B2 /* DashboardScreen.swift */; };
/* End PBXBuildFile section */

/* Begin PBXFileReference section */
		ACCBE2A22AB79E1A00796613 /* FoodCell.swift */ = {isa = PBXFileReference; lastKnownFileType = sourcecode.swift; path = FoodCell.swift; sourceTree = "<group>"; };
		ACD3F3DC2AB36A6800D38657 /* ModalScreen.swift */ = {isa = PBXFileReference; lastKnownFileType = sourcecode.swift; path = ModalScreen.swift; sourceTree = "<group>"; };
		ACD86E2B2AAA569D00FA5565 /* FoodScreen.swift */ = {isa = PBXFileReference; lastKnownFileType = sourcecode.swift; path = FoodScreen.swift; sourceTree = "<group>"; };
		ACDEA9AA2AA978C700AB87B2 /* MyAppSUI2308.app */ = {isa = PBXFileReference; explicitFileType = wrapper.application; includeInIndex = 0; path = MyAppSUI2308.app; sourceTree = BUILT_PRODUCTS_DIR; };
		ACDEA9AD2AA978C700AB87B2 /* MyAppSUI2308App.swift */ = {isa = PBXFileReference; lastKnownFileType = sourcecode.swift; path = MyAppSUI2308App.swift; sourceTree = "<group>"; };
		ACDEA9AF2AA978C700AB87B2 /* ContentView.swift */ = {isa = PBXFileReference; lastKnownFileType = sourcecode.swift; path = ContentView.swift; sourceTree = "<group>"; };
		ACDEA9B12AA978C800AB87B2 /* Assets.xcassets */ = {isa = PBXFileReference; lastKnownFileType = folder.assetcatalog; path = Assets.xcassets; sourceTree = "<group>"; };
		ACDEA9B42AA978C800AB87B2 /* Preview Assets.xcassets */ = {isa = PBXFileReference; lastKnownFileType = folder.assetcatalog; path = "Preview Assets.xcassets"; sourceTree = "<group>"; };
		ACDEA9BB2AA97E7C00AB87B2 /* DashboardScreen.swift */ = {isa = PBXFileReference; lastKnownFileType = sourcecode.swift; path = DashboardScreen.swift; sourceTree = "<group>"; };
/* End PBXFileReference section */

/* Begin PBXFrameworksBuildPhase section */
		ACDEA9A72AA978C700AB87B2 /* Frameworks */ = {
			isa = PBXFrameworksBuildPhase;
			buildActionMask = 2147483647;
			files = (
			);
			runOnlyForDeploymentPostprocessing = 0;
		};
/* End PBXFrameworksBuildPhase section */

/* Begin PBXGroup section */
		ACDEA9A12AA978C700AB87B2 = {
			isa = PBXGroup;
			children = (
				ACCBE2A22AB79E1A00796613 /* FoodCell.swift */,
				ACDEA9AC2AA978C700AB87B2 /* MyAppSUI2308 */,
				ACDEA9AB2AA978C700AB87B2 /* Products */,
			);
			sourceTree = "<group>";
		};
		ACDEA9AB2AA978C700AB87B2 /* Products */ = {
			isa = PBXGroup;
			children = (
				ACDEA9AA2AA978C700AB87B2 /* MyAppSUI2308.app */,
			);
			name = Products;
			sourceTree = "<group>";
		};
		ACDEA9AC2AA978C700AB87B2 /* MyAppSUI2308 */ = {
			isa = PBXGroup;
			children = (
				ACDEA9AD2AA978C700AB87B2 /* MyAppSUI2308App.swift */,
				ACDEA9AF2AA978C700AB87B2 /* ContentView.swift */,
				ACDEA9BB2AA97E7C00AB87B2 /* DashboardScreen.swift */,
				ACD86E2B2AAA569D00FA5565 /* FoodScreen.swift */,
				ACD3F3DC2AB36A6800D38657 /* ModalScreen.swift */,
				ACDEA9B12AA978C800AB87B2 /* Assets.xcassets */,
				ACDEA9B32AA978C800AB87B2 /* Preview Content */,
			);
			path = MyAppSUI2308;
			sourceTree = "<group>";
		};
		ACDEA9B32AA978C800AB87B2 /* Preview Content */ = {
			isa = PBXGroup;
			children = (
				ACDEA9B42AA978C800AB87B2 /* Preview Assets.xcassets */,
			);
			path = "Preview Content";
			sourceTree = "<group>";
		};
/* End PBXGroup section */

/* Begin PBXNativeTarget section */
		ACDEA9A92AA978C700AB87B2 /* MyAppSUI2308 */ = {
			isa = PBXNativeTarget;
			buildConfigurationList = ACDEA9B82AA978C800AB87B2 /* Build configuration list for PBXNativeTarget "MyAppSUI2308" */;
			buildPhases = (
				ACDEA9A62AA978C700AB87B2 /* Sources */,
				ACDEA9A72AA978C700AB87B2 /* Frameworks */,
				ACDEA9A82AA978C700AB87B2 /* Resources */,
			);
			buildRules = (
			);
			dependencies = (
			);
			name = MyAppSUI2308;
			productName = MyAppSUI2308;
			productReference = ACDEA9AA2AA978C700AB87B2 /* MyAppSUI2308.app */;
			productType = "com.apple.product-type.application";
		};
/* End PBXNativeTarget section */

/* Begin PBXProject section */
		ACDEA9A22AA978C700AB87B2 /* Project object */ = {
			isa = PBXProject;
			attributes = {
				BuildIndependentTargetsInParallel = 1;
				LastSwiftUpdateCheck = 1430;
				LastUpgradeCheck = 1430;
				TargetAttributes = {
					ACDEA9A92AA978C700AB87B2 = {
						CreatedOnToolsVersion = 14.3.1;
					};
				};
			};
			buildConfigurationList = ACDEA9A52AA978C700AB87B2 /* Build configuration list for PBXProject "MyAppSUI2308" */;
			compatibilityVersion = "Xcode 14.0";
			developmentRegion = en;
			hasScannedForEncodings = 0;
			knownRegions = (
				en,
				Base,
			);
			mainGroup = ACDEA9A12AA978C700AB87B2;
			productRefGroup = ACDEA9AB2AA978C700AB87B2 /* Products */;
			projectDirPath = "";
			projectRoot = "";
			targets = (
				ACDEA9A92AA978C700AB87B2 /* MyAppSUI2308 */,
			);
		};
/* End PBXProject section */

/* Begin PBXResourcesBuildPhase section */
		ACDEA9A82AA978C700AB87B2 /* Resources */ = {
			isa = PBXResourcesBuildPhase;
			buildActionMask = 2147483647;
			files = (
				ACDEA9B52AA978C800AB87B2 /* Preview Assets.xcassets in Resources */,
				ACDEA9B22AA978C800AB87B2 /* Assets.xcassets in Resources */,
			);
			runOnlyForDeploymentPostprocessing = 0;
		};
/* End PBXResourcesBuildPhase section */

/* Begin PBXSourcesBuildPhase section */
		ACDEA9A62AA978C700AB87B2 /* Sources */ = {
			isa = PBXSourcesBuildPhase;
			buildActionMask = 2147483647;
			files = (
				ACD86E2C2AAA569D00FA5565 /* FoodScreen.swift in Sources */,
				ACCBE2A32AB79E1A00796613 /* FoodCell.swift in Sources */,
				ACDEA9B02AA978C700AB87B2 /* ContentView.swift in Sources */,
				ACDEA9AE2AA978C700AB87B2 /* MyAppSUI2308App.swift in Sources */,
				ACD3F3DD2AB36A6800D38657 /* ModalScreen.swift in Sources */,
				ACDEA9BC2AA97E7C00AB87B2 /* DashboardScreen.swift in Sources */,
			);
			runOnlyForDeploymentPostprocessing = 0;
		};
/* End PBXSourcesBuildPhase section */

/* Begin XCBuildConfiguration section */
		ACDEA9B62AA978C800AB87B2 /* Debug */ = {
			isa = XCBuildConfiguration;
			buildSettings = {
				ALWAYS_SEARCH_USER_PATHS = NO;
				CLANG_ANALYZER_NONNULL = YES;
				CLANG_ANALYZER_NUMBER_OBJECT_CONVERSION = YES_AGGRESSIVE;
				CLANG_CXX_LANGUAGE_STANDARD = "gnu++20";
				CLANG_ENABLE_MODULES = YES;
				CLANG_ENABLE_OBJC_ARC = YES;
				CLANG_ENABLE_OBJC_WEAK = YES;
				CLANG_WARN_BLOCK_CAPTURE_AUTORELEASING = YES;
				CLANG_WARN_BOOL_CONVERSION = YES;
				CLANG_WARN_COMMA = YES;
				CLANG_WARN_CONSTANT_CONVERSION = YES;
				CLANG_WARN_DEPRECATED_OBJC_IMPLEMENTATIONS = YES;
				CLANG_WARN_DIRECT_OBJC_ISA_USAGE = YES_ERROR;
				CLANG_WARN_DOCUMENTATION_COMMENTS = YES;
				CLANG_WARN_EMPTY_BODY = YES;
				CLANG_WARN_ENUM_CONVERSION = YES;
				CLANG_WARN_INFINITE_RECURSION = YES;
				CLANG_WARN_INT_CONVERSION = YES;
				CLANG_WARN_NON_LITERAL_NULL_CONVERSION = YES;
				CLANG_WARN_OBJC_IMPLICIT_RETAIN_SELF = YES;
				CLANG_WARN_OBJC_LITERAL_CONVERSION = YES;
				CLANG_WARN_OBJC_ROOT_CLASS = YES_ERROR;
				CLANG_WARN_QUOTED_INCLUDE_IN_FRAMEWORK_HEADER = YES;
				CLANG_WARN_RANGE_LOOP_ANALYSIS = YES;
				CLANG_WARN_STRICT_PROTOTYPES = YES;
				CLANG_WARN_SUSPICIOUS_MOVE = YES;
				CLANG_WARN_UNGUARDED_AVAILABILITY = YES_AGGRESSIVE;
				CLANG_WARN_UNREACHABLE_CODE = YES;
				CLANG_WARN__DUPLICATE_METHOD_MATCH = YES;
				COPY_PHASE_STRIP = NO;
				DEBUG_INFORMATION_FORMAT = dwarf;
				ENABLE_STRICT_OBJC_MSGSEND = YES;
				ENABLE_TESTABILITY = YES;
				GCC_C_LANGUAGE_STANDARD = gnu11;
				GCC_DYNAMIC_NO_PIC = NO;
				GCC_NO_COMMON_BLOCKS = YES;
				GCC_OPTIMIZATION_LEVEL = 0;
				GCC_PREPROCESSOR_DEFINITIONS = (
					"DEBUG=1",
					"$(inherited)",
				);
				GCC_WARN_64_TO_32_BIT_CONVERSION = YES;
				GCC_WARN_ABOUT_RETURN_TYPE = YES_ERROR;
				GCC_WARN_UNDECLARED_SELECTOR = YES;
				GCC_WARN_UNINITIALIZED_AUTOS = YES_AGGRESSIVE;
				GCC_WARN_UNUSED_FUNCTION = YES;
				GCC_WARN_UNUSED_VARIABLE = YES;
				IPHONEOS_DEPLOYMENT_TARGET = 16.4;
				MTL_ENABLE_DEBUG_INFO = INCLUDE_SOURCE;
				MTL_FAST_MATH = YES;
				ONLY_ACTIVE_ARCH = YES;
				SDKROOT = iphoneos;
				SWIFT_ACTIVE_COMPILATION_CONDITIONS = DEBUG;
				SWIFT_OPTIMIZATION_LEVEL = "-Onone";
			};
			name = Debug;
		};
		ACDEA9B72AA978C800AB87B2 /* Release */ = {
			isa = XCBuildConfiguration;
			buildSettings = {
				ALWAYS_SEARCH_USER_PATHS = NO;
				CLANG_ANALYZER_NONNULL = YES;
				CLANG_ANALYZER_NUMBER_OBJECT_CONVERSION = YES_AGGRESSIVE;
				CLANG_CXX_LANGUAGE_STANDARD = "gnu++20";
				CLANG_ENABLE_MODULES = YES;
				CLANG_ENABLE_OBJC_ARC = YES;
				CLANG_ENABLE_OBJC_WEAK = YES;
				CLANG_WARN_BLOCK_CAPTURE_AUTORELEASING = YES;
				CLANG_WARN_BOOL_CONVERSION = YES;
				CLANG_WARN_COMMA = YES;
				CLANG_WARN_CONSTANT_CONVERSION = YES;
				CLANG_WARN_DEPRECATED_OBJC_IMPLEMENTATIONS = YES;
				CLANG_WARN_DIRECT_OBJC_ISA_USAGE = YES_ERROR;
				CLANG_WARN_DOCUMENTATION_COMMENTS = YES;
				CLANG_WARN_EMPTY_BODY = YES;
				CLANG_WARN_ENUM_CONVERSION = YES;
				CLANG_WARN_INFINITE_RECURSION = YES;
				CLANG_WARN_INT_CONVERSION = YES;
				CLANG_WARN_NON_LITERAL_NULL_CONVERSION = YES;
				CLANG_WARN_OBJC_IMPLICIT_RETAIN_SELF = YES;
				CLANG_WARN_OBJC_LITERAL_CONVERSION = YES;
				CLANG_WARN_OBJC_ROOT_CLASS = YES_ERROR;
				CLANG_WARN_QUOTED_INCLUDE_IN_FRAMEWORK_HEADER = YES;
				CLANG_WARN_RANGE_LOOP_ANALYSIS = YES;
				CLANG_WARN_STRICT_PROTOTYPES = YES;
				CLANG_WARN_SUSPICIOUS_MOVE = YES;
				CLANG_WARN_UNGUARDED_AVAILABILITY = YES_AGGRESSIVE;
				CLANG_WARN_UNREACHABLE_CODE = YES;
				CLANG_WARN__DUPLICATE_METHOD_MATCH = YES;
				COPY_PHASE_STRIP = NO;
				DEBUG_INFORMATION_FORMAT = "dwarf-with-dsym";
				ENABLE_NS_ASSERTIONS = NO;
				ENABLE_STRICT_OBJC_MSGSEND = YES;
				GCC_C_LANGUAGE_STANDARD = gnu11;
				GCC_NO_COMMON_BLOCKS = YES;
				GCC_WARN_64_TO_32_BIT_CONVERSION = YES;
				GCC_WARN_ABOUT_RETURN_TYPE = YES_ERROR;
				GCC_WARN_UNDECLARED_SELECTOR = YES;
				GCC_WARN_UNINITIALIZED_AUTOS = YES_AGGRESSIVE;
				GCC_WARN_UNUSED_FUNCTION = YES;
				GCC_WARN_UNUSED_VARIABLE = YES;
				IPHONEOS_DEPLOYMENT_TARGET = 16.4;
				MTL_ENABLE_DEBUG_INFO = NO;
				MTL_FAST_MATH = YES;
				SDKROOT = iphoneos;
				SWIFT_COMPILATION_MODE = wholemodule;
				SWIFT_OPTIMIZATION_LEVEL = "-O";
				VALIDATE_PRODUCT = YES;
			};
			name = Release;
		};
		ACDEA9B92AA978C800AB87B2 /* Debug */ = {
			isa = XCBuildConfiguration;
			buildSettings = {
				ASSETCATALOG_COMPILER_APPICON_NAME = AppIcon;
				ASSETCATALOG_COMPILER_GLOBAL_ACCENT_COLOR_NAME = AccentColor;
				CODE_SIGN_STYLE = Automatic;
				CURRENT_PROJECT_VERSION = 1;
				DEVELOPMENT_ASSET_PATHS = "\"MyAppSUI2308/Preview Content\"";
				DEVELOPMENT_TEAM = ZGTTQM4FA8;
				ENABLE_PREVIEWS = YES;
				GENERATE_INFOPLIST_FILE = YES;
				INFOPLIST_KEY_UIApplicationSceneManifest_Generation = YES;
				INFOPLIST_KEY_UIApplicationSupportsIndirectInputEvents = YES;
				INFOPLIST_KEY_UILaunchScreen_Generation = YES;
				INFOPLIST_KEY_UISupportedInterfaceOrientations_iPad = "UIInterfaceOrientationPortrait UIInterfaceOrientationPortraitUpsideDown UIInterfaceOrientationLandscapeLeft UIInterfaceOrientationLandscapeRight";
				INFOPLIST_KEY_UISupportedInterfaceOrientations_iPhone = "UIInterfaceOrientationPortrait UIInterfaceOrientationLandscapeLeft UIInterfaceOrientationLandscapeRight";
				LD_RUNPATH_SEARCH_PATHS = (
					"$(inherited)",
					"@executable_path/Frameworks",
				);
				MARKETING_VERSION = 1.0;
				PRODUCT_BUNDLE_IDENTIFIER = MyOrganization.MyAppSUI2308;
				PRODUCT_NAME = "$(TARGET_NAME)";
				SWIFT_EMIT_LOC_STRINGS = YES;
				SWIFT_VERSION = 5.0;
				TARGETED_DEVICE_FAMILY = "1,2";
			};
			name = Debug;
		};
		ACDEA9BA2AA978C800AB87B2 /* Release */ = {
			isa = XCBuildConfiguration;
			buildSettings = {
				ASSETCATALOG_COMPILER_APPICON_NAME = AppIcon;
				ASSETCATALOG_COMPILER_GLOBAL_ACCENT_COLOR_NAME = AccentColor;
				CODE_SIGN_STYLE = Automatic;
				CURRENT_PROJECT_VERSION = 1;
				DEVELOPMENT_ASSET_PATHS = "\"MyAppSUI2308/Preview Content\"";
				DEVELOPMENT_TEAM = ZGTTQM4FA8;
				ENABLE_PREVIEWS = YES;
				GENERATE_INFOPLIST_FILE = YES;
				INFOPLIST_KEY_UIApplicationSceneManifest_Generation = YES;
				INFOPLIST_KEY_UIApplicationSupportsIndirectInputEvents = YES;
				INFOPLIST_KEY_UILaunchScreen_Generation = YES;
				INFOPLIST_KEY_UISupportedInterfaceOrientations_iPad = "UIInterfaceOrientationPortrait UIInterfaceOrientationPortraitUpsideDown UIInterfaceOrientationLandscapeLeft UIInterfaceOrientationLandscapeRight";
				INFOPLIST_KEY_UISupportedInterfaceOrientations_iPhone = "UIInterfaceOrientationPortrait UIInterfaceOrientationLandscapeLeft UIInterfaceOrientationLandscapeRight";
				LD_RUNPATH_SEARCH_PATHS = (
					"$(inherited)",
					"@executable_path/Frameworks",
				);
				MARKETING_VERSION = 1.0;
				PRODUCT_BUNDLE_IDENTIFIER = MyOrganization.MyAppSUI2308;
				PRODUCT_NAME = "$(TARGET_NAME)";
				SWIFT_EMIT_LOC_STRINGS = YES;
				SWIFT_VERSION = 5.0;
				TARGETED_DEVICE_FAMILY = "1,2";
			};
			name = Release;
		};
/* End XCBuildConfiguration section */

/* Begin XCConfigurationList section */
		ACDEA9A52AA978C700AB87B2 /* Build configuration list for PBXProject "MyAppSUI2308" */ = {
			isa = XCConfigurationList;
			buildConfigurations = (
				ACDEA9B62AA978C800AB87B2 /* Debug */,
				ACDEA9B72AA978C800AB87B2 /* Release */,
			);
			defaultConfigurationIsVisible = 0;
			defaultConfigurationName = Release;
		};
		ACDEA9B82AA978C800AB87B2 /* Build configuration list for PBXNativeTarget "MyAppSUI2308" */ = {
			isa = XCConfigurationList;
			buildConfigurations = (
				ACDEA9B92AA978C800AB87B2 /* Debug */,
				ACDEA9BA2AA978C800AB87B2 /* Release */,
			);
			defaultConfigurationIsVisible = 0;
			defaultConfigurationName = Release;
		};
/* End XCConfigurationList section */
	};
	rootObject = ACDEA9A22AA978C700AB87B2 /* Project object */;
}
